
Microsoft Visual Studio Solution File, Format Version 12.00
# Visual Studio Version 17
VisualStudioVersion = 17.13.35825.156
MinimumVisualStudioVersion = 10.0.40219.1
Project("{8BC9CEB8-8B4A-11D0-8D11-00A0C91BC942}") = "backjoon 1002", "backjoon 1002\backjoon 1002.vcxproj", "{BD468296-C808-4CEE-8F66-9DA432A9DEAF}"
EndProject
Project("{8BC9CEB8-8B4A-11D0-8D11-00A0C91BC942}") = "backjoon 10825", "backjoon 10825\backjoon 10825.vcxproj", "{C877CAF6-60FE-493E-870B-AE02927B3B79}"
EndProject
Project("{8BC9CEB8-8B4A-11D0-8D11-00A0C91BC942}") = "backjoon 1302", "backjoon 1302\backjoon 1302.vcxproj", "{DF617A61-316A-4CAE-A1FE-0231D354772F}"
EndProject
Project("{8BC9CEB8-8B4A-11D0-8D11-00A0C91BC942}") = "backjoon 2164", "backjoon 2164\backjoon 2164.vcxproj", "{2FFE1D57-B5F8-4533-BEA0-D0808C3CC34E}"
EndProject
Project("{8BC9CEB8-8B4A-11D0-8D11-00A0C91BC942}") = "backjoon 1012", "backjoon 1012\backjoon 1012.vcxproj", "{C163E433-8F8C-46FD-9B7A-BC28D3AFE971}"
EndProject
Project("{8BC9CEB8-8B4A-11D0-8D11-00A0C91BC942}") = "Debug", "Debug\Debug.vcxproj", "{8933F757-10D6-4997-808F-AFD58BC50D0B}"
EndProject
Project("{8BC9CEB8-8B4A-11D0-8D11-00A0C91BC942}") = "backjoon 2178", "backjoon 2178\backjoon 2178.vcxproj", "{2400028E-2C75-40D5-A1E6-8A05DA39783E}"
EndProject
Global
	GlobalSection(SolutionConfigurationPlatforms) = preSolution
		Debug|x64 = Debug|x64
		Debug|x86 = Debug|x86
		Release|x64 = Release|x64
		Release|x86 = Release|x86
	EndGlobalSection
	GlobalSection(ProjectConfigurationPlatforms) = postSolution
		{BD468296-C808-4CEE-8F66-9DA432A9DEAF}.Debug|x64.ActiveCfg = Debug|x64
		{BD468296-C808-4CEE-8F66-9DA432A9DEAF}.Debug|x64.Build.0 = Debug|x64
		{BD468296-C808-4CEE-8F66-9DA432A9DEAF}.Debug|x86.ActiveCfg = Debug|Win32
		{BD468296-C808-4CEE-8F66-9DA432A9DEAF}.Debug|x86.Build.0 = Debug|Win32
		{BD468296-C808-4CEE-8F66-9DA432A9DEAF}.Release|x64.ActiveCfg = Release|x64
		{BD468296-C808-4CEE-8F66-9DA432A9DEAF}.Release|x64.Build.0 = Release|x64
		{BD468296-C808-4CEE-8F66-9DA432A9DEAF}.Release|x86.ActiveCfg = Release|Win32
		{BD468296-C808-4CEE-8F66-9DA432A9DEAF}.Release|x86.Build.0 = Release|Win32
		{C877CAF6-60FE-493E-870B-AE02927B3B79}.Debug|x64.ActiveCfg = Debug|x64
		{C877CAF6-60FE-493E-870B-AE02927B3B79}.Debug|x64.Build.0 = Debug|x64
		{C877CAF6-60FE-493E-870B-AE02927B3B79}.Debug|x86.ActiveCfg = Debug|Win32
		{C877CAF6-60FE-493E-870B-AE02927B3B79}.Debug|x86.Build.0 = Debug|Win32
		{C877CAF6-60FE-493E-870B-AE02927B3B79}.Release|x64.ActiveCfg = Release|x64
		{C877CAF6-60FE-493E-870B-AE02927B3B79}.Release|x64.Build.0 = Release|x64
		{C877CAF6-60FE-493E-870B-AE02927B3B79}.Release|x86.ActiveCfg = Release|Win32
		{C877CAF6-60FE-493E-870B-AE02927B3B79}.Release|x86.Build.0 = Release|Win32
		{DF617A61-316A-4CAE-A1FE-0231D354772F}.Debug|x64.ActiveCfg = Debug|x64
		{DF617A61-316A-4CAE-A1FE-0231D354772F}.Debug|x64.Build.0 = Debug|x64
		{DF617A61-316A-4CAE-A1FE-0231D354772F}.Debug|x86.ActiveCfg = Debug|Win32
		{DF617A61-316A-4CAE-A1FE-0231D354772F}.Debug|x86.Build.0 = Debug|Win32
		{DF617A61-316A-4CAE-A1FE-0231D354772F}.Release|x64.ActiveCfg = Release|x64
		{DF617A61-316A-4CAE-A1FE-0231D354772F}.Release|x64.Build.0 = Release|x64
		{DF617A61-316A-4CAE-A1FE-0231D354772F}.Release|x86.ActiveCfg = Release|Win32
		{DF617A61-316A-4CAE-A1FE-0231D354772F}.Release|x86.Build.0 = Release|Win32
		{2FFE1D57-B5F8-4533-BEA0-D0808C3CC34E}.Debug|x64.ActiveCfg = Debug|x64
		{2FFE1D57-B5F8-4533-BEA0-D0808C3CC34E}.Debug|x64.Build.0 = Debug|x64
		{2FFE1D57-B5F8-4533-BEA0-D0808C3CC34E}.Debug|x86.ActiveCfg = Debug|Win32
		{2FFE1D57-B5F8-4533-BEA0-D0808C3CC34E}.Debug|x86.Build.0 = Debug|Win32
		{2FFE1D57-B5F8-4533-BEA0-D0808C3CC34E}.Release|x64.ActiveCfg = Release|x64
		{2FFE1D57-B5F8-4533-BEA0-D0808C3CC34E}.Release|x64.Build.0 = Release|x64
		{2FFE1D57-B5F8-4533-BEA0-D0808C3CC34E}.Release|x86.ActiveCfg = Release|Win32
		{2FFE1D57-B5F8-4533-BEA0-D0808C3CC34E}.Release|x86.Build.0 = Release|Win32
		{C163E433-8F8C-46FD-9B7A-BC28D3AFE971}.Debug|x64.ActiveCfg = Debug|x64
		{C163E433-8F8C-46FD-9B7A-BC28D3AFE971}.Debug|x64.Build.0 = Debug|x64
		{C163E433-8F8C-46FD-9B7A-BC28D3AFE971}.Debug|x86.ActiveCfg = Debug|Win32
		{C163E433-8F8C-46FD-9B7A-BC28D3AFE971}.Debug|x86.Build.0 = Debug|Win32
		{C163E433-8F8C-46FD-9B7A-BC28D3AFE971}.Release|x64.ActiveCfg = Release|x64
		{C163E433-8F8C-46FD-9B7A-BC28D3AFE971}.Release|x64.Build.0 = Release|x64
		{C163E433-8F8C-46FD-9B7A-BC28D3AFE971}.Release|x86.ActiveCfg = Release|Win32
		{C163E433-8F8C-46FD-9B7A-BC28D3AFE971}.Release|x86.Build.0 = Release|Win32
		{8933F757-10D6-4997-808F-AFD58BC50D0B}.Debug|x64.ActiveCfg = Debug|x64
		{8933F757-10D6-4997-808F-AFD58BC50D0B}.Debug|x64.Build.0 = Debug|x64
		{8933F757-10D6-4997-808F-AFD58BC50D0B}.Debug|x86.ActiveCfg = Debug|Win32
		{8933F757-10D6-4997-808F-AFD58BC50D0B}.Debug|x86.Build.0 = Debug|Win32
		{8933F757-10D6-4997-808F-AFD58BC50D0B}.Release|x64.ActiveCfg = Release|x64
		{8933F757-10D6-4997-808F-AFD58BC50D0B}.Release|x64.Build.0 = Release|x64
		{8933F757-10D6-4997-808F-AFD58BC50D0B}.Release|x86.ActiveCfg = Release|Win32
		{8933F757-10D6-4997-808F-AFD58BC50D0B}.Release|x86.Build.0 = Release|Win32
		{2400028E-2C75-40D5-A1E6-8A05DA39783E}.Debug|x64.ActiveCfg = Debug|x64
		{2400028E-2C75-40D5-A1E6-8A05DA39783E}.Debug|x64.Build.0 = Debug|x64
		{2400028E-2C75-40D5-A1E6-8A05DA39783E}.Debug|x86.ActiveCfg = Debug|Win32
		{2400028E-2C75-40D5-A1E6-8A05DA39783E}.Debug|x86.Build.0 = Debug|Win32
		{2400028E-2C75-40D5-A1E6-8A05DA39783E}.Release|x64.ActiveCfg = Release|x64
		{2400028E-2C75-40D5-A1E6-8A05DA39783E}.Release|x64.Build.0 = Release|x64
		{2400028E-2C75-40D5-A1E6-8A05DA39783E}.Release|x86.ActiveCfg = Release|Win32
		{2400028E-2C75-40D5-A1E6-8A05DA39783E}.Release|x86.Build.0 = Release|Win32
	EndGlobalSection
	GlobalSection(SolutionProperties) = preSolution
		HideSolutionNode = FALSE
	EndGlobalSection
	GlobalSection(ExtensibilityGlobals) = postSolution
		SolutionGuid = {7287DF7D-0CEF-48DD-A840-056D1EF595DA}
	EndGlobalSection
EndGlobal
